
Microsoft Visual Studio Solution File, Format Version 12.00
# Visual Studio Version 16
VisualStudioVersion = 16.0.30225.117
MinimumVisualStudioVersion = 10.0.40219.1
Project("{FAE04EC0-301F-11D3-BF4B-00C04F79EFBC}") = "NetDeveloperTest", "NetDeveloperTest.csproj", "{DEBC72F6-0530-4DFF-BB79-18279326397A}"
EndProject
Global
	GlobalSection(SolutionConfigurationPlatforms) = preSolution
		Debug|Any CPU = Debug|Any CPU
		Release|Any CPU = Release|Any CPU
	EndGlobalSection
	GlobalSection(ProjectConfigurationPlatforms) = postSolution
		{DEBC72F6-0530-4DFF-BB79-18279326397A}.Debug|Any CPU.ActiveCfg = Debug|Any CPU
		{DEBC72F6-0530-4DFF-BB79-18279326397A}.Debug|Any CPU.Build.0 = Debug|Any CPU
		{DEBC72F6-0530-4DFF-BB79-18279326397A}.Release|Any CPU.ActiveCfg = Release|Any CPU
		{DEBC72F6-0530-4DFF-BB79-18279326397A}.Release|Any CPU.Build.0 = Release|Any CPU
	EndGlobalSection
	GlobalSection(SolutionProperties) = preSolution
		HideSolutionNode = FALSE
	EndGlobalSection
	GlobalSection(ExtensibilityGlobals) = postSolution
		SolutionGuid = {2BED138C-7F3B-4884-A956-E87429B347AE}
	EndGlobalSection
EndGlobal
